{
  "version": 4,
  "terraform_version": "1.11.3",
  "serial": 8,
  "lineage": "c8240989-0951-2f9f-2df5-bce1213903f8",
  "outputs": {},
  "resources": [
    {
      "mode": "managed",
      "type": "azurerm_mssql_firewall_rule",
      "name": "allow_azure_services",
      "provider": "provider[\"registry.terraform.io/hashicorp/azurerm\"]",
      "instances": [
        {
          "schema_version": 0,
          "attributes": {
            "end_ip_address": "0.0.0.0",
            "id": "/subscriptions/d542c8f7-209d-484b-acfe-b93d6829d00f/resourceGroups/rg-powerbi-lab3/providers/Microsoft.Sql/servers/sqlserverlab3/firewallRules/AllowAzureServices",
            "name": "AllowAzureServices",
            "server_id": "/subscriptions/d542c8f7-209d-484b-acfe-b93d6829d00f/resourceGroups/rg-powerbi-lab3/providers/Microsoft.Sql/servers/sqlserverlab3",
            "start_ip_address": "0.0.0.0",
            "timeouts": null
          },
          "sensitive_attributes": [],
          "private": "eyJlMmJmYjczMC1lY2FhLTExZTYtOGY4OC0zNDM2M2JjN2M0YzAiOnsiY3JlYXRlIjoxODAwMDAwMDAwMDAwLCJkZWxldGUiOjE4MDAwMDAwMDAwMDAsInJlYWQiOjMwMDAwMDAwMDAwMCwidXBkYXRlIjoxODAwMDAwMDAwMDAwfX0=",
          "dependencies": [
            "azurerm_mssql_server.lab3_sql_server",
            "azurerm_resource_group.lab3_rg"
          ]
        }
      ]
    },
    {
      "mode": "managed",
      "type": "azurerm_mssql_firewall_rule",
      "name": "allow_powerbi_access",
      "provider": "provider[\"registry.terraform.io/hashicorp/azurerm\"]",
      "instances": [
        {
          "schema_version": 0,
          "attributes": {
            "end_ip_address": "52.170.57.255",
            "id": "/subscriptions/d542c8f7-209d-484b-acfe-b93d6829d00f/resourceGroups/rg-powerbi-lab3/providers/Microsoft.Sql/servers/sqlserverlab3/firewallRules/AllowPowerBI",
            "name": "AllowPowerBI",
            "server_id": "/subscriptions/d542c8f7-209d-484b-acfe-b93d6829d00f/resourceGroups/rg-powerbi-lab3/providers/Microsoft.Sql/servers/sqlserverlab3",
            "start_ip_address": "52.170.57.0",
            "timeouts": null
          },
          "sensitive_attributes": [],
          "private": "eyJlMmJmYjczMC1lY2FhLTExZTYtOGY4OC0zNDM2M2JjN2M0YzAiOnsiY3JlYXRlIjoxODAwMDAwMDAwMDAwLCJkZWxldGUiOjE4MDAwMDAwMDAwMDAsInJlYWQiOjMwMDAwMDAwMDAwMCwidXBkYXRlIjoxODAwMDAwMDAwMDAwfX0=",
          "dependencies": [
            "azurerm_mssql_server.lab3_sql_server",
            "azurerm_resource_group.lab3_rg"
          ]
        }
      ]
    },
    {
      "mode": "managed",
      "type": "azurerm_mssql_server",
      "name": "lab3_sql_server",
      "provider": "provider[\"registry.terraform.io/hashicorp/azurerm\"]",
      "instances": [
        {
          "schema_version": 0,
          "attributes": {
            "administrator_login": "miservidorsql25",
            "administrator_login_password": "JaimeUpt2025",
            "administrator_login_password_wo": null,
            "administrator_login_password_wo_version": 0,
            "azuread_administrator": [],
            "connection_policy": "Default",
            "express_vulnerability_assessment_enabled": false,
            "fully_qualified_domain_name": "sqlserverlab3.database.windows.net",
            "id": "/subscriptions/d542c8f7-209d-484b-acfe-b93d6829d00f/resourceGroups/rg-powerbi-lab3/providers/Microsoft.Sql/servers/sqlserverlab3",
            "identity": [
              {
                "identity_ids": [],
                "principal_id": "9c08ced1-5381-428f-84a0-c56c53c1b192",
                "tenant_id": "93ded5ba-cc60-4df8-8001-98dddd39ab56",
                "type": "SystemAssigned"
              }
            ],
            "location": "eastus",
            "minimum_tls_version": "1.2",
            "name": "sqlserverlab3",
            "outbound_network_restriction_enabled": false,
            "primary_user_assigned_identity_id": "",
            "public_network_access_enabled": true,
            "resource_group_name": "rg-powerbi-lab3",
            "restorable_dropped_database_ids": [],
            "tags": {},
            "timeouts": null,
            "transparent_data_encryption_key_vault_key_id": "",
            "version": "12.0"
          },
          "sensitive_attributes": [
            [
              {
                "type": "get_attr",
                "value": "administrator_login_password"
              }
            ],
            [
              {
                "type": "get_attr",
                "value": "administrator_login_password_wo"
              }
            ]
          ],
          "private": "eyJlMmJmYjczMC1lY2FhLTExZTYtOGY4OC0zNDM2M2JjN2M0YzAiOnsiY3JlYXRlIjozNjAwMDAwMDAwMDAwLCJkZWxldGUiOjM2MDAwMDAwMDAwMDAsInJlYWQiOjMwMDAwMDAwMDAwMCwidXBkYXRlIjozNjAwMDAwMDAwMDAwfX0=",
          "dependencies": [
            "azurerm_resource_group.lab3_rg"
          ]
        }
      ]
    },
    {
      "mode": "managed",
      "type": "azurerm_resource_group",
      "name": "lab3_rg",
      "provider": "provider[\"registry.terraform.io/hashicorp/azurerm\"]",
      "instances": [
        {
          "schema_version": 0,
          "attributes": {
            "id": "/subscriptions/d542c8f7-209d-484b-acfe-b93d6829d00f/resourceGroups/rg-powerbi-lab3",
            "location": "eastus",
            "managed_by": "",
            "name": "rg-powerbi-lab3",
            "tags": {},
            "timeouts": null
          },
          "sensitive_attributes": [],
          "private": "eyJlMmJmYjczMC1lY2FhLTExZTYtOGY4OC0zNDM2M2JjN2M0YzAiOnsiY3JlYXRlIjo1NDAwMDAwMDAwMDAwLCJkZWxldGUiOjU0MDAwMDAwMDAwMDAsInJlYWQiOjMwMDAwMDAwMDAwMCwidXBkYXRlIjo1NDAwMDAwMDAwMDAwfX0="
        }
      ]
    }
  ],
  "check_results": null
}
